
Microsoft Visual Studio Solution File, Format Version 12.00
# Visual Studio 15
VisualStudioVersion = 15.0.27130.2036
MinimumVisualStudioVersion = 10.0.40219.1
Project("{9A19103F-16F7-4668-BE54-9A1E7A4F7556}") = "RicksWebWorld", "RicksWebWorld\RicksWebWorld.csproj", "{EEE31FC4-3A38-4020-90D9-4BE9A2466057}"
EndProject
Project("{9A19103F-16F7-4668-BE54-9A1E7A4F7556}") = "UnitTestWebWorld", "UnitTestWebWorld\UnitTestWebWorld.csproj", "{EAF56A90-6AF0-4860-A443-F7D8B05C8510}"
EndProject
Project("{FAE04EC0-301F-11D3-BF4B-00C04F79EFBC}") = "WebWorldDomainClasses", "WebWorldDomainClasses\WebWorldDomainClasses.csproj", "{A2582065-8263-4644-8E45-1524FF9912A2}"
EndProject
Global
	GlobalSection(SolutionConfigurationPlatforms) = preSolution
		Debug|Any CPU = Debug|Any CPU
		Release|Any CPU = Release|Any CPU
	EndGlobalSection
	GlobalSection(ProjectConfigurationPlatforms) = postSolution
		{EEE31FC4-3A38-4020-90D9-4BE9A2466057}.Debug|Any CPU.ActiveCfg = Debug|Any CPU
		{EEE31FC4-3A38-4020-90D9-4BE9A2466057}.Debug|Any CPU.Build.0 = Debug|Any CPU
		{EEE31FC4-3A38-4020-90D9-4BE9A2466057}.Release|Any CPU.ActiveCfg = Release|Any CPU
		{EEE31FC4-3A38-4020-90D9-4BE9A2466057}.Release|Any CPU.Build.0 = Release|Any CPU
		{EAF56A90-6AF0-4860-A443-F7D8B05C8510}.Debug|Any CPU.ActiveCfg = Debug|Any CPU
		{EAF56A90-6AF0-4860-A443-F7D8B05C8510}.Debug|Any CPU.Build.0 = Debug|Any CPU
		{EAF56A90-6AF0-4860-A443-F7D8B05C8510}.Release|Any CPU.ActiveCfg = Release|Any CPU
		{EAF56A90-6AF0-4860-A443-F7D8B05C8510}.Release|Any CPU.Build.0 = Release|Any CPU
		{A2582065-8263-4644-8E45-1524FF9912A2}.Debug|Any CPU.ActiveCfg = Debug|Any CPU
		{A2582065-8263-4644-8E45-1524FF9912A2}.Debug|Any CPU.Build.0 = Debug|Any CPU
		{A2582065-8263-4644-8E45-1524FF9912A2}.Release|Any CPU.ActiveCfg = Release|Any CPU
		{A2582065-8263-4644-8E45-1524FF9912A2}.Release|Any CPU.Build.0 = Release|Any CPU
	EndGlobalSection
	GlobalSection(SolutionProperties) = preSolution
		HideSolutionNode = FALSE
	EndGlobalSection
	GlobalSection(ExtensibilityGlobals) = postSolution
		SolutionGuid = {24118272-BE9A-47F8-A0C0-E83F659D62D4}
	EndGlobalSection
EndGlobal
